apiVersion: chaos.operatorchaos.io/v1alpha1
kind: ChaosExperiment
metadata:
  name: kserve-pdb-block
  namespace: redhat-ods-applications
spec:
  tier: 2
  target:
    operator: kserve
    component: kserve
    resource: Deployment/kserve-controller-manager
  steadyState:
    checks:
      - type: conditionTrue
        apiVersion: apps/v1
        kind: Deployment
        name: kserve-controller-manager
        namespace: redhat-ods-applications
        conditionType: Available
    timeout: "60s"
  injection:
    type: PDBBlock
    dangerLevel: high
    parameters:
      labelSelector: control-plane=kserve-controller-manager
    ttl: "10s"
  hypothesis:
    description: >-
      Creating a PDB with maxUnavailable=0 blocks all voluntary
      evictions. Tests whether the operator's pods can be drained
      for node maintenance or cluster upgrades.
    recoveryTimeout: 120s
  blastRadius:
    maxPodsAffected: 2
    allowDangerous: true
    allowedNamespaces:
      - redhat-ods-applications
